
Microsoft Visual Studio Solution File, Format Version 12.00
# Visual Studio Version 17
VisualStudioVersion = 17.0.31919.166
MinimumVisualStudioVersion = 10.0.40219.1
Project("{9A19103F-16F7-4668-BE54-9A1E7A4F7556}") = "Stream", "Stream\Stream.csproj", "{0126C44D-2932-41C3-90A5-5A8E10B55A46}"
EndProject
Project("{9A19103F-16F7-4668-BE54-9A1E7A4F7556}") = "DataWriter", "DataWriter\DataWriter.csproj", "{12AC7C49-485D-40FF-A962-25748029C8F9}"
EndProject
Project("{9A19103F-16F7-4668-BE54-9A1E7A4F7556}") = "Serialize", "Serialize\Serialize.csproj", "{C45CFBDC-3D2F-462C-8A77-11665F08FF1F}"
EndProject
Project("{9A19103F-16F7-4668-BE54-9A1E7A4F7556}") = "Polymorphism", "Polymorphism\Polymorphism.csproj", "{B5D02451-AE37-4528-A113-3C905C768B5A}"
EndProject
Project("{9A19103F-16F7-4668-BE54-9A1E7A4F7556}") = "ObjectOrientedDesign", "ObjectOrientedDesign\ObjectOrientedDesign.csproj", "{DD311A71-6833-49C4-8EBA-B703E5EB0742}"
EndProject
Project("{9A19103F-16F7-4668-BE54-9A1E7A4F7556}") = "EventArgs", "EventArgs\EventArgs.csproj", "{950849D4-9325-418D-A9FB-6EA0FE8DEDCE}"
EndProject
Project("{FAE04EC0-301F-11D3-BF4B-00C04F79EFBC}") = "StubTest", "StubTest\StubTest.csproj", "{02CF6398-AB03-4F99-824C-323D98EC11A1}"
EndProject
Global
	GlobalSection(SolutionConfigurationPlatforms) = preSolution
		Debug|Any CPU = Debug|Any CPU
		Release|Any CPU = Release|Any CPU
	EndGlobalSection
	GlobalSection(ProjectConfigurationPlatforms) = postSolution
		{0126C44D-2932-41C3-90A5-5A8E10B55A46}.Debug|Any CPU.ActiveCfg = Debug|Any CPU
		{0126C44D-2932-41C3-90A5-5A8E10B55A46}.Debug|Any CPU.Build.0 = Debug|Any CPU
		{0126C44D-2932-41C3-90A5-5A8E10B55A46}.Release|Any CPU.ActiveCfg = Release|Any CPU
		{0126C44D-2932-41C3-90A5-5A8E10B55A46}.Release|Any CPU.Build.0 = Release|Any CPU
		{12AC7C49-485D-40FF-A962-25748029C8F9}.Debug|Any CPU.ActiveCfg = Debug|Any CPU
		{12AC7C49-485D-40FF-A962-25748029C8F9}.Debug|Any CPU.Build.0 = Debug|Any CPU
		{12AC7C49-485D-40FF-A962-25748029C8F9}.Release|Any CPU.ActiveCfg = Release|Any CPU
		{12AC7C49-485D-40FF-A962-25748029C8F9}.Release|Any CPU.Build.0 = Release|Any CPU
		{C45CFBDC-3D2F-462C-8A77-11665F08FF1F}.Debug|Any CPU.ActiveCfg = Debug|Any CPU
		{C45CFBDC-3D2F-462C-8A77-11665F08FF1F}.Debug|Any CPU.Build.0 = Debug|Any CPU
		{C45CFBDC-3D2F-462C-8A77-11665F08FF1F}.Release|Any CPU.ActiveCfg = Release|Any CPU
		{C45CFBDC-3D2F-462C-8A77-11665F08FF1F}.Release|Any CPU.Build.0 = Release|Any CPU
		{B5D02451-AE37-4528-A113-3C905C768B5A}.Debug|Any CPU.ActiveCfg = Debug|Any CPU
		{B5D02451-AE37-4528-A113-3C905C768B5A}.Debug|Any CPU.Build.0 = Debug|Any CPU
		{B5D02451-AE37-4528-A113-3C905C768B5A}.Release|Any CPU.ActiveCfg = Release|Any CPU
		{B5D02451-AE37-4528-A113-3C905C768B5A}.Release|Any CPU.Build.0 = Release|Any CPU
		{DD311A71-6833-49C4-8EBA-B703E5EB0742}.Debug|Any CPU.ActiveCfg = Debug|Any CPU
		{DD311A71-6833-49C4-8EBA-B703E5EB0742}.Debug|Any CPU.Build.0 = Debug|Any CPU
		{DD311A71-6833-49C4-8EBA-B703E5EB0742}.Release|Any CPU.ActiveCfg = Release|Any CPU
		{DD311A71-6833-49C4-8EBA-B703E5EB0742}.Release|Any CPU.Build.0 = Release|Any CPU
		{950849D4-9325-418D-A9FB-6EA0FE8DEDCE}.Debug|Any CPU.ActiveCfg = Debug|Any CPU
		{950849D4-9325-418D-A9FB-6EA0FE8DEDCE}.Debug|Any CPU.Build.0 = Debug|Any CPU
		{950849D4-9325-418D-A9FB-6EA0FE8DEDCE}.Release|Any CPU.ActiveCfg = Release|Any CPU
		{950849D4-9325-418D-A9FB-6EA0FE8DEDCE}.Release|Any CPU.Build.0 = Release|Any CPU
		{02CF6398-AB03-4F99-824C-323D98EC11A1}.Debug|Any CPU.ActiveCfg = Debug|Any CPU
		{02CF6398-AB03-4F99-824C-323D98EC11A1}.Debug|Any CPU.Build.0 = Debug|Any CPU
		{02CF6398-AB03-4F99-824C-323D98EC11A1}.Release|Any CPU.ActiveCfg = Release|Any CPU
		{02CF6398-AB03-4F99-824C-323D98EC11A1}.Release|Any CPU.Build.0 = Release|Any CPU
	EndGlobalSection
	GlobalSection(SolutionProperties) = preSolution
		HideSolutionNode = FALSE
	EndGlobalSection
	GlobalSection(ExtensibilityGlobals) = postSolution
		SolutionGuid = {DE595B1D-4C16-47D7-9AD7-AD929DD9DD21}
	EndGlobalSection
EndGlobal
