
Microsoft Visual Studio Solution File, Format Version 12.00
# Visual Studio Version 17
VisualStudioVersion = 17.0.31903.59
MinimumVisualStudioVersion = 10.0.40219.1
Project("{9A19103F-16F7-4668-BE54-9A1E7A4F7556}") = "MemoryStream", "MemoryStream\MemoryStream.csproj", "{77954310-A48B-482B-8565-7E03F3B3CBF2}"
EndProject
Project("{9A19103F-16F7-4668-BE54-9A1E7A4F7556}") = "JsonLogging", "JsonLogging\JsonLogging.csproj", "{B5A4AC0B-5EC1-40DD-BB15-EFE1E4AEADD4}"
EndProject
Project("{9A19103F-16F7-4668-BE54-9A1E7A4F7556}") = "Polymorphism", "Polymorphism\Polymorphism.csproj", "{8F39D581-4EBE-4731-80D8-DCF9A9D8A962}"
EndProject
Project("{9A19103F-16F7-4668-BE54-9A1E7A4F7556}") = "ObjectOrientedDesign", "ObjectOrientedDesign\ObjectOrientedDesign.csproj", "{3B3B2866-F987-4AA1-9D0D-C0A7286AB332}"
EndProject
Project("{FAE04EC0-301F-11D3-BF4B-00C04F79EFBC}") = "Events", "Events\Events.csproj", "{9949FDB3-2CD2-435B-9A94-2CA5B529F910}"
EndProject
Global
	GlobalSection(SolutionConfigurationPlatforms) = preSolution
		Debug|Any CPU = Debug|Any CPU
		Release|Any CPU = Release|Any CPU
	EndGlobalSection
	GlobalSection(ProjectConfigurationPlatforms) = postSolution
		{77954310-A48B-482B-8565-7E03F3B3CBF2}.Debug|Any CPU.ActiveCfg = Debug|Any CPU
		{77954310-A48B-482B-8565-7E03F3B3CBF2}.Debug|Any CPU.Build.0 = Debug|Any CPU
		{77954310-A48B-482B-8565-7E03F3B3CBF2}.Release|Any CPU.ActiveCfg = Release|Any CPU
		{77954310-A48B-482B-8565-7E03F3B3CBF2}.Release|Any CPU.Build.0 = Release|Any CPU
		{B5A4AC0B-5EC1-40DD-BB15-EFE1E4AEADD4}.Debug|Any CPU.ActiveCfg = Debug|Any CPU
		{B5A4AC0B-5EC1-40DD-BB15-EFE1E4AEADD4}.Debug|Any CPU.Build.0 = Debug|Any CPU
		{B5A4AC0B-5EC1-40DD-BB15-EFE1E4AEADD4}.Release|Any CPU.ActiveCfg = Release|Any CPU
		{B5A4AC0B-5EC1-40DD-BB15-EFE1E4AEADD4}.Release|Any CPU.Build.0 = Release|Any CPU
		{8F39D581-4EBE-4731-80D8-DCF9A9D8A962}.Debug|Any CPU.ActiveCfg = Debug|Any CPU
		{8F39D581-4EBE-4731-80D8-DCF9A9D8A962}.Debug|Any CPU.Build.0 = Debug|Any CPU
		{8F39D581-4EBE-4731-80D8-DCF9A9D8A962}.Release|Any CPU.ActiveCfg = Release|Any CPU
		{8F39D581-4EBE-4731-80D8-DCF9A9D8A962}.Release|Any CPU.Build.0 = Release|Any CPU
		{3B3B2866-F987-4AA1-9D0D-C0A7286AB332}.Debug|Any CPU.ActiveCfg = Debug|Any CPU
		{3B3B2866-F987-4AA1-9D0D-C0A7286AB332}.Debug|Any CPU.Build.0 = Debug|Any CPU
		{3B3B2866-F987-4AA1-9D0D-C0A7286AB332}.Release|Any CPU.ActiveCfg = Release|Any CPU
		{3B3B2866-F987-4AA1-9D0D-C0A7286AB332}.Release|Any CPU.Build.0 = Release|Any CPU
		{9949FDB3-2CD2-435B-9A94-2CA5B529F910}.Debug|Any CPU.ActiveCfg = Debug|Any CPU
		{9949FDB3-2CD2-435B-9A94-2CA5B529F910}.Debug|Any CPU.Build.0 = Debug|Any CPU
		{9949FDB3-2CD2-435B-9A94-2CA5B529F910}.Release|Any CPU.ActiveCfg = Release|Any CPU
		{9949FDB3-2CD2-435B-9A94-2CA5B529F910}.Release|Any CPU.Build.0 = Release|Any CPU
	EndGlobalSection
	GlobalSection(SolutionProperties) = preSolution
		HideSolutionNode = FALSE
	EndGlobalSection
	GlobalSection(ExtensibilityGlobals) = postSolution
		SolutionGuid = {7FB2F11D-A978-4243-B072-20544ACFC3C2}
	EndGlobalSection
EndGlobal
